// !$*UTF8*$!
{
	archiveVersion = 1;
	classes = {
	};
	objectVersion = 50;
	objects = {

/* Begin PBXBuildFile section */
		521A26FE24B3C718003CBCD3 /* AppDelegate.swift in Sources */ = {isa = PBXBuildFile; fileRef = 521A26FD24B3C718003CBCD3 /* AppDelegate.swift */; };
		521A270024B3C718003CBCD3 /* SceneDelegate.swift in Sources */ = {isa = PBXBuildFile; fileRef = 521A26FF24B3C718003CBCD3 /* SceneDelegate.swift */; };
		521A270524B3C718003CBCD3 /* Main.storyboard in Resources */ = {isa = PBXBuildFile; fileRef = 521A270324B3C718003CBCD3 /* Main.storyboard */; };
		521A270724B3C719003CBCD3 /* Assets.xcassets in Resources */ = {isa = PBXBuildFile; fileRef = 521A270624B3C719003CBCD3 /* Assets.xcassets */; };
		521A270A24B3C719003CBCD3 /* LaunchScreen.storyboard in Resources */ = {isa = PBXBuildFile; fileRef = 521A270824B3C719003CBCD3 /* LaunchScreen.storyboard */; };
		521A271324B3CE41003CBCD3 /* Colors.xcassets in Resources */ = {isa = PBXBuildFile; fileRef = 521A271224B3CE41003CBCD3 /* Colors.xcassets */; };
		521A271A24B3D136003CBCD3 /* CalculatorViewController.swift in Sources */ = {isa = PBXBuildFile; fileRef = 521A271924B3D136003CBCD3 /* CalculatorViewController.swift */; };
		521A271D24B3D84E003CBCD3 /* StyleGuide.swift in Sources */ = {isa = PBXBuildFile; fileRef = 521A271C24B3D84E003CBCD3 /* StyleGuide.swift */; };
		521A271F24B3DC28003CBCD3 /* CustomButtons.swift in Sources */ = {isa = PBXBuildFile; fileRef = 521A271E24B3DC28003CBCD3 /* CustomButtons.swift */; };
/* End PBXBuildFile section */

/* Begin PBXFileReference section */
		521A26FA24B3C718003CBCD3 /* CalculatorLayout.app */ = {isa = PBXFileReference; explicitFileType = wrapper.application; includeInIndex = 0; path = CalculatorLayout.app; sourceTree = BUILT_PRODUCTS_DIR; };
		521A26FD24B3C718003CBCD3 /* AppDelegate.swift */ = {isa = PBXFileReference; lastKnownFileType = sourcecode.swift; path = AppDelegate.swift; sourceTree = "<group>"; };
		521A26FF24B3C718003CBCD3 /* SceneDelegate.swift */ = {isa = PBXFileReference; lastKnownFileType = sourcecode.swift; path = SceneDelegate.swift; sourceTree = "<group>"; };
		521A270424B3C718003CBCD3 /* Base */ = {isa = PBXFileReference; lastKnownFileType = file.storyboard; name = Base; path = Base.lproj/Main.storyboard; sourceTree = "<group>"; };
		521A270624B3C719003CBCD3 /* Assets.xcassets */ = {isa = PBXFileReference; lastKnownFileType = folder.assetcatalog; path = Assets.xcassets; sourceTree = "<group>"; };
		521A270924B3C719003CBCD3 /* Base */ = {isa = PBXFileReference; lastKnownFileType = file.storyboard; name = Base; path = Base.lproj/LaunchScreen.storyboard; sourceTree = "<group>"; };
		521A270B24B3C719003CBCD3 /* Info.plist */ = {isa = PBXFileReference; lastKnownFileType = text.plist.xml; path = Info.plist; sourceTree = "<group>"; };
		521A271224B3CE41003CBCD3 /* Colors.xcassets */ = {isa = PBXFileReference; lastKnownFileType = folder.assetcatalog; path = Colors.xcassets; sourceTree = "<group>"; };
		521A271924B3D136003CBCD3 /* CalculatorViewController.swift */ = {isa = PBXFileReference; lastKnownFileType = sourcecode.swift; path = CalculatorViewController.swift; sourceTree = "<group>"; };
		521A271C24B3D84E003CBCD3 /* StyleGuide.swift */ = {isa = PBXFileReference; lastKnownFileType = sourcecode.swift; path = StyleGuide.swift; sourceTree = "<group>"; };
		521A271E24B3DC28003CBCD3 /* CustomButtons.swift */ = {isa = PBXFileReference; lastKnownFileType = sourcecode.swift; path = CustomButtons.swift; sourceTree = "<group>"; };
/* End PBXFileReference section */

/* Begin PBXFrameworksBuildPhase section */
		521A26F724B3C717003CBCD3 /* Frameworks */ = {
			isa = PBXFrameworksBuildPhase;
			buildActionMask = 2147483647;
			files = (
			);
			runOnlyForDeploymentPostprocessing = 0;
		};
/* End PBXFrameworksBuildPhase section */

/* Begin PBXGroup section */
		521A26F124B3C717003CBCD3 = {
			isa = PBXGroup;
			children = (
				521A26FC24B3C718003CBCD3 /* CalculatorLayout */,
				521A26FB24B3C718003CBCD3 /* Products */,
			);
			sourceTree = "<group>";
		};
		521A26FB24B3C718003CBCD3 /* Products */ = {
			isa = PBXGroup;
			children = (
				521A26FA24B3C718003CBCD3 /* CalculatorLayout.app */,
			);
			name = Products;
			sourceTree = "<group>";
		};
		521A26FC24B3C718003CBCD3 /* CalculatorLayout */ = {
			isa = PBXGroup;
			children = (
				521A271B24B3D841003CBCD3 /* Helpers & extensions */,
				521A271824B3D0F8003CBCD3 /* Model */,
				521A271424B3D0B3003CBCD3 /* View */,
				521A271524B3D0CC003CBCD3 /* Controller */,
				521A271124B3CD04003CBCD3 /* Resources */,
			);
			path = CalculatorLayout;
			sourceTree = "<group>";
		};
		521A271124B3CD04003CBCD3 /* Resources */ = {
			isa = PBXGroup;
			children = (
				521A26FD24B3C718003CBCD3 /* AppDelegate.swift */,
				521A26FF24B3C718003CBCD3 /* SceneDelegate.swift */,
				521A270624B3C719003CBCD3 /* Assets.xcassets */,
				521A270824B3C719003CBCD3 /* LaunchScreen.storyboard */,
				521A270B24B3C719003CBCD3 /* Info.plist */,
				521A271224B3CE41003CBCD3 /* Colors.xcassets */,
			);
			path = Resources;
			sourceTree = "<group>";
		};
		521A271424B3D0B3003CBCD3 /* View */ = {
			isa = PBXGroup;
			children = (
				521A270324B3C718003CBCD3 /* Main.storyboard */,
				521A271E24B3DC28003CBCD3 /* CustomButtons.swift */,
			);
			path = View;
			sourceTree = "<group>";
		};
		521A271524B3D0CC003CBCD3 /* Controller */ = {
			isa = PBXGroup;
			children = (
				521A271724B3D0D7003CBCD3 /* Model Controller */,
				521A271624B3D0D1003CBCD3 /* View Controller */,
			);
			path = Controller;
			sourceTree = "<group>";
		};
		521A271624B3D0D1003CBCD3 /* View Controller */ = {
			isa = PBXGroup;
			children = (
				521A271924B3D136003CBCD3 /* CalculatorViewController.swift */,
			);
			path = "View Controller";
			sourceTree = "<group>";
		};
		521A271724B3D0D7003CBCD3 /* Model Controller */ = {
			isa = PBXGroup;
			children = (
			);
			path = "Model Controller";
			sourceTree = "<group>";
		};
		521A271824B3D0F8003CBCD3 /* Model */ = {
			isa = PBXGroup;
			children = (
			);
			path = Model;
			sourceTree = "<group>";
		};
		521A271B24B3D841003CBCD3 /* Helpers & extensions */ = {
			isa = PBXGroup;
			children = (
				521A271C24B3D84E003CBCD3 /* StyleGuide.swift */,
			);
			path = "Helpers & extensions";
			sourceTree = "<group>";
		};
/* End PBXGroup section */

/* Begin PBXNativeTarget section */
		521A26F924B3C717003CBCD3 /* CalculatorLayout */ = {
			isa = PBXNativeTarget;
			buildConfigurationList = 521A270E24B3C719003CBCD3 /* Build configuration list for PBXNativeTarget "CalculatorLayout" */;
			buildPhases = (
				521A26F624B3C717003CBCD3 /* Sources */,
				521A26F724B3C717003CBCD3 /* Frameworks */,
				521A26F824B3C717003CBCD3 /* Resources */,
			);
			buildRules = (
			);
			dependencies = (
			);
			name = CalculatorLayout;
			productName = CalculatorLayout;
			productReference = 521A26FA24B3C718003CBCD3 /* CalculatorLayout.app */;
			productType = "com.apple.product-type.application";
		};
/* End PBXNativeTarget section */

/* Begin PBXProject section */
		521A26F224B3C717003CBCD3 /* Project object */ = {
			isa = PBXProject;
			attributes = {
				LastSwiftUpdateCheck = 1150;
				LastUpgradeCheck = 1150;
				ORGANIZATIONNAME = Atomuz;
				TargetAttributes = {
					521A26F924B3C717003CBCD3 = {
						CreatedOnToolsVersion = 11.5;
					};
				};
			};
			buildConfigurationList = 521A26F524B3C717003CBCD3 /* Build configuration list for PBXProject "CalculatorLayout" */;
			compatibilityVersion = "Xcode 9.3";
			developmentRegion = en;
			hasScannedForEncodings = 0;
			knownRegions = (
				en,
				Base,
			);
			mainGroup = 521A26F124B3C717003CBCD3;
			productRefGroup = 521A26FB24B3C718003CBCD3 /* Products */;
			projectDirPath = "";
			projectRoot = "";
			targets = (
				521A26F924B3C717003CBCD3 /* CalculatorLayout */,
			);
		};
/* End PBXProject section */

/* Begin PBXResourcesBuildPhase section */
		521A26F824B3C717003CBCD3 /* Resources */ = {
			isa = PBXResourcesBuildPhase;
			buildActionMask = 2147483647;
			files = (
				521A270A24B3C719003CBCD3 /* LaunchScreen.storyboard in Resources */,
				521A271324B3CE41003CBCD3 /* Colors.xcassets in Resources */,
				521A270724B3C719003CBCD3 /* Assets.xcassets in Resources */,
				521A270524B3C718003CBCD3 /* Main.storyboard in Resources */,
			);
			runOnlyForDeploymentPostprocessing = 0;
		};
/* End PBXResourcesBuildPhase section */

/* Begin PBXSourcesBuildPhase section */
		521A26F624B3C717003CBCD3 /* Sources */ = {
			isa = PBXSourcesBuildPhase;
			buildActionMask = 2147483647;
			files = (
				521A26FE24B3C718003CBCD3 /* AppDelegate.swift in Sources */,
				521A271A24B3D136003CBCD3 /* CalculatorViewController.swift in Sources */,
				521A271D24B3D84E003CBCD3 /* StyleGuide.swift in Sources */,
				521A270024B3C718003CBCD3 /* SceneDelegate.swift in Sources */,
				521A271F24B3DC28003CBCD3 /* CustomButtons.swift in Sources */,
			);
			runOnlyForDeploymentPostprocessing = 0;
		};
/* End PBXSourcesBuildPhase section */

/* Begin PBXVariantGroup section */
		521A270324B3C718003CBCD3 /* Main.storyboard */ = {
			isa = PBXVariantGroup;
			children = (
				521A270424B3C718003CBCD3 /* Base */,
			);
			name = Main.storyboard;
			sourceTree = "<group>";
		};
		521A270824B3C719003CBCD3 /* LaunchScreen.storyboard */ = {
			isa = PBXVariantGroup;
			children = (
				521A270924B3C719003CBCD3 /* Base */,
			);
			name = LaunchScreen.storyboard;
			sourceTree = "<group>";
		};
/* End PBXVariantGroup section */

/* Begin XCBuildConfiguration section */
		521A270C24B3C719003CBCD3 /* Debug */ = {
			isa = XCBuildConfiguration;
			buildSettings = {
				ALWAYS_SEARCH_USER_PATHS = NO;
				CLANG_ANALYZER_NONNULL = YES;
				CLANG_ANALYZER_NUMBER_OBJECT_CONVERSION = YES_AGGRESSIVE;
				CLANG_CXX_LANGUAGE_STANDARD = "gnu++14";
				CLANG_CXX_LIBRARY = "libc++";
				CLANG_ENABLE_MODULES = YES;
				CLANG_ENABLE_OBJC_ARC = YES;
				CLANG_ENABLE_OBJC_WEAK = YES;
				CLANG_WARN_BLOCK_CAPTURE_AUTORELEASING = YES;
				CLANG_WARN_BOOL_CONVERSION = YES;
				CLANG_WARN_COMMA = YES;
				CLANG_WARN_CONSTANT_CONVERSION = YES;
				CLANG_WARN_DEPRECATED_OBJC_IMPLEMENTATIONS = YES;
				CLANG_WARN_DIRECT_OBJC_ISA_USAGE = YES_ERROR;
				CLANG_WARN_DOCUMENTATION_COMMENTS = YES;
				CLANG_WARN_EMPTY_BODY = YES;
				CLANG_WARN_ENUM_CONVERSION = YES;
				CLANG_WARN_INFINITE_RECURSION = YES;
				CLANG_WARN_INT_CONVERSION = YES;
				CLANG_WARN_NON_LITERAL_NULL_CONVERSION = YES;
				CLANG_WARN_OBJC_IMPLICIT_RETAIN_SELF = YES;
				CLANG_WARN_OBJC_LITERAL_CONVERSION = YES;
				CLANG_WARN_OBJC_ROOT_CLASS = YES_ERROR;
				CLANG_WARN_RANGE_LOOP_ANALYSIS = YES;
				CLANG_WARN_STRICT_PROTOTYPES = YES;
				CLANG_WARN_SUSPICIOUS_MOVE = YES;
				CLANG_WARN_UNGUARDED_AVAILABILITY = YES_AGGRESSIVE;
				CLANG_WARN_UNREACHABLE_CODE = YES;
				CLANG_WARN__DUPLICATE_METHOD_MATCH = YES;
				COPY_PHASE_STRIP = NO;
				DEBUG_INFORMATION_FORMAT = dwarf;
				ENABLE_STRICT_OBJC_MSGSEND = YES;
				ENABLE_TESTABILITY = YES;
				GCC_C_LANGUAGE_STANDARD = gnu11;
				GCC_DYNAMIC_NO_PIC = NO;
				GCC_NO_COMMON_BLOCKS = YES;
				GCC_OPTIMIZATION_LEVEL = 0;
				GCC_PREPROCESSOR_DEFINITIONS = (
					"DEBUG=1",
					"$(inherited)",
				);
				GCC_WARN_64_TO_32_BIT_CONVERSION = YES;
				GCC_WARN_ABOUT_RETURN_TYPE = YES_ERROR;
				GCC_WARN_UNDECLARED_SELECTOR = YES;
				GCC_WARN_UNINITIALIZED_AUTOS = YES_AGGRESSIVE;
				GCC_WARN_UNUSED_FUNCTION = YES;
				GCC_WARN_UNUSED_VARIABLE = YES;
				IPHONEOS_DEPLOYMENT_TARGET = 13.5;
				MTL_ENABLE_DEBUG_INFO = INCLUDE_SOURCE;
				MTL_FAST_MATH = YES;
				ONLY_ACTIVE_ARCH = YES;
				SDKROOT = iphoneos;
				SWIFT_ACTIVE_COMPILATION_CONDITIONS = DEBUG;
				SWIFT_OPTIMIZATION_LEVEL = "-Onone";
			};
			name = Debug;
		};
		521A270D24B3C719003CBCD3 /* Release */ = {
			isa = XCBuildConfiguration;
			buildSettings = {
				ALWAYS_SEARCH_USER_PATHS = NO;
				CLANG_ANALYZER_NONNULL = YES;
				CLANG_ANALYZER_NUMBER_OBJECT_CONVERSION = YES_AGGRESSIVE;
				CLANG_CXX_LANGUAGE_STANDARD = "gnu++14";
				CLANG_CXX_LIBRARY = "libc++";
				CLANG_ENABLE_MODULES = YES;
				CLANG_ENABLE_OBJC_ARC = YES;
				CLANG_ENABLE_OBJC_WEAK = YES;
				CLANG_WARN_BLOCK_CAPTURE_AUTORELEASING = YES;
				CLANG_WARN_BOOL_CONVERSION = YES;
				CLANG_WARN_COMMA = YES;
				CLANG_WARN_CONSTANT_CONVERSION = YES;
				CLANG_WARN_DEPRECATED_OBJC_IMPLEMENTATIONS = YES;
				CLANG_WARN_DIRECT_OBJC_ISA_USAGE = YES_ERROR;
				CLANG_WARN_DOCUMENTATION_COMMENTS = YES;
				CLANG_WARN_EMPTY_BODY = YES;
				CLANG_WARN_ENUM_CONVERSION = YES;
				CLANG_WARN_INFINITE_RECURSION = YES;
				CLANG_WARN_INT_CONVERSION = YES;
				CLANG_WARN_NON_LITERAL_NULL_CONVERSION = YES;
				CLANG_WARN_OBJC_IMPLICIT_RETAIN_SELF = YES;
				CLANG_WARN_OBJC_LITERAL_CONVERSION = YES;
				CLANG_WARN_OBJC_ROOT_CLASS = YES_ERROR;
				CLANG_WARN_RANGE_LOOP_ANALYSIS = YES;
				CLANG_WARN_STRICT_PROTOTYPES = YES;
				CLANG_WARN_SUSPICIOUS_MOVE = YES;
				CLANG_WARN_UNGUARDED_AVAILABILITY = YES_AGGRESSIVE;
				CLANG_WARN_UNREACHABLE_CODE = YES;
				CLANG_WARN__DUPLICATE_METHOD_MATCH = YES;
				COPY_PHASE_STRIP = NO;
				DEBUG_INFORMATION_FORMAT = "dwarf-with-dsym";
				ENABLE_NS_ASSERTIONS = NO;
				ENABLE_STRICT_OBJC_MSGSEND = YES;
				GCC_C_LANGUAGE_STANDARD = gnu11;
				GCC_NO_COMMON_BLOCKS = YES;
				GCC_WARN_64_TO_32_BIT_CONVERSION = YES;
				GCC_WARN_ABOUT_RETURN_TYPE = YES_ERROR;
				GCC_WARN_UNDECLARED_SELECTOR = YES;
				GCC_WARN_UNINITIALIZED_AUTOS = YES_AGGRESSIVE;
				GCC_WARN_UNUSED_FUNCTION = YES;
				GCC_WARN_UNUSED_VARIABLE = YES;
				IPHONEOS_DEPLOYMENT_TARGET = 13.5;
				MTL_ENABLE_DEBUG_INFO = NO;
				MTL_FAST_MATH = YES;
				SDKROOT = iphoneos;
				SWIFT_COMPILATION_MODE = wholemodule;
				SWIFT_OPTIMIZATION_LEVEL = "-O";
				VALIDATE_PRODUCT = YES;
			};
			name = Release;
		};
		521A270F24B3C719003CBCD3 /* Debug */ = {
			isa = XCBuildConfiguration;
			buildSettings = {
				ASSETCATALOG_COMPILER_APPICON_NAME = AppIcon;
				CODE_SIGN_STYLE = Automatic;
				DEVELOPMENT_TEAM = 9P92JGZ383;
				INFOPLIST_FILE = CalculatorLayout/Resources/Info.plist;
				LD_RUNPATH_SEARCH_PATHS = (
					"$(inherited)",
					"@executable_path/Frameworks",
				);
				PRODUCT_BUNDLE_IDENTIFIER = com.atomuz.CalculatorLayout;
				PRODUCT_NAME = "$(TARGET_NAME)";
				SWIFT_VERSION = 5.0;
				TARGETED_DEVICE_FAMILY = "1,2";
			};
			name = Debug;
		};
		521A271024B3C719003CBCD3 /* Release */ = {
			isa = XCBuildConfiguration;
			buildSettings = {
				ASSETCATALOG_COMPILER_APPICON_NAME = AppIcon;
				CODE_SIGN_STYLE = Automatic;
				DEVELOPMENT_TEAM = 9P92JGZ383;
				INFOPLIST_FILE = CalculatorLayout/Resources/Info.plist;
				LD_RUNPATH_SEARCH_PATHS = (
					"$(inherited)",
					"@executable_path/Frameworks",
				);
				PRODUCT_BUNDLE_IDENTIFIER = com.atomuz.CalculatorLayout;
				PRODUCT_NAME = "$(TARGET_NAME)";
				SWIFT_VERSION = 5.0;
				TARGETED_DEVICE_FAMILY = "1,2";
			};
			name = Release;
		};
/* End XCBuildConfiguration section */

/* Begin XCConfigurationList section */
		521A26F524B3C717003CBCD3 /* Build configuration list for PBXProject "CalculatorLayout" */ = {
			isa = XCConfigurationList;
			buildConfigurations = (
				521A270C24B3C719003CBCD3 /* Debug */,
				521A270D24B3C719003CBCD3 /* Release */,
			);
			defaultConfigurationIsVisible = 0;
			defaultConfigurationName = Release;
		};
		521A270E24B3C719003CBCD3 /* Build configuration list for PBXNativeTarget "CalculatorLayout" */ = {
			isa = XCConfigurationList;
			buildConfigurations = (
				521A270F24B3C719003CBCD3 /* Debug */,
				521A271024B3C719003CBCD3 /* Release */,
			);
			defaultConfigurationIsVisible = 0;
			defaultConfigurationName = Release;
		};
/* End XCConfigurationList section */
	};
	rootObject = 521A26F224B3C717003CBCD3 /* Project object */;
}
